
Microsoft Visual Studio Solution File, Format Version 12.00
# Visual Studio Version 16
VisualStudioVersion = 16.0.31229.75
MinimumVisualStudioVersion = 10.0.40219.1
Project("{9A19103F-16F7-4668-BE54-9A1E7A4F7556}") = "GeoApp", "GeoApp\GeoApp.csproj", "{193DE927-1EEF-4C44-A9B7-90EB74255F4A}"
EndProject
Project("{9A19103F-16F7-4668-BE54-9A1E7A4F7556}") = "GeoApp.Model", "GeoApp.Model\GeoApp.Model.csproj", "{897E7E54-152A-43D1-AD79-F9E83629AC02}"
EndProject
Project("{9A19103F-16F7-4668-BE54-9A1E7A4F7556}") = "GeoApp.Data", "GeoApp.Data\GeoApp.Data.csproj", "{53DB9E87-4C13-47BD-8760-2C7D355F7728}"
EndProject
Project("{9A19103F-16F7-4668-BE54-9A1E7A4F7556}") = "GeoApp.Infrastructure", "GeoApp.Infrastructure\GeoApp.Infrastructure.csproj", "{336C5BA8-20A1-4F9E-8DBB-0A220924A2F1}"
EndProject
Project("{9A19103F-16F7-4668-BE54-9A1E7A4F7556}") = "GeoApp.Persistence", "GeoApp.Persistence\GeoApp.Persistence.csproj", "{FF97C2BB-FE93-4B33-8932-C1CA2542E994}"
EndProject
Project("{FAE04EC0-301F-11D3-BF4B-00C04F79EFBC}") = "GeoApp.Tests", "GeoApp.Tests\GeoApp.Tests.csproj", "{523394F8-0397-4ABD-9F1E-6C277C8F6794}"
EndProject
Global
	GlobalSection(SolutionConfigurationPlatforms) = preSolution
		Debug|Any CPU = Debug|Any CPU
		Release|Any CPU = Release|Any CPU
	EndGlobalSection
	GlobalSection(ProjectConfigurationPlatforms) = postSolution
		{193DE927-1EEF-4C44-A9B7-90EB74255F4A}.Debug|Any CPU.ActiveCfg = Debug|Any CPU
		{193DE927-1EEF-4C44-A9B7-90EB74255F4A}.Debug|Any CPU.Build.0 = Debug|Any CPU
		{193DE927-1EEF-4C44-A9B7-90EB74255F4A}.Release|Any CPU.ActiveCfg = Release|Any CPU
		{193DE927-1EEF-4C44-A9B7-90EB74255F4A}.Release|Any CPU.Build.0 = Release|Any CPU
		{897E7E54-152A-43D1-AD79-F9E83629AC02}.Debug|Any CPU.ActiveCfg = Debug|Any CPU
		{897E7E54-152A-43D1-AD79-F9E83629AC02}.Debug|Any CPU.Build.0 = Debug|Any CPU
		{897E7E54-152A-43D1-AD79-F9E83629AC02}.Release|Any CPU.ActiveCfg = Release|Any CPU
		{897E7E54-152A-43D1-AD79-F9E83629AC02}.Release|Any CPU.Build.0 = Release|Any CPU
		{53DB9E87-4C13-47BD-8760-2C7D355F7728}.Debug|Any CPU.ActiveCfg = Debug|Any CPU
		{53DB9E87-4C13-47BD-8760-2C7D355F7728}.Debug|Any CPU.Build.0 = Debug|Any CPU
		{53DB9E87-4C13-47BD-8760-2C7D355F7728}.Release|Any CPU.ActiveCfg = Release|Any CPU
		{53DB9E87-4C13-47BD-8760-2C7D355F7728}.Release|Any CPU.Build.0 = Release|Any CPU
		{336C5BA8-20A1-4F9E-8DBB-0A220924A2F1}.Debug|Any CPU.ActiveCfg = Debug|Any CPU
		{336C5BA8-20A1-4F9E-8DBB-0A220924A2F1}.Debug|Any CPU.Build.0 = Debug|Any CPU
		{336C5BA8-20A1-4F9E-8DBB-0A220924A2F1}.Release|Any CPU.ActiveCfg = Release|Any CPU
		{336C5BA8-20A1-4F9E-8DBB-0A220924A2F1}.Release|Any CPU.Build.0 = Release|Any CPU
		{FF97C2BB-FE93-4B33-8932-C1CA2542E994}.Debug|Any CPU.ActiveCfg = Debug|Any CPU
		{FF97C2BB-FE93-4B33-8932-C1CA2542E994}.Debug|Any CPU.Build.0 = Debug|Any CPU
		{FF97C2BB-FE93-4B33-8932-C1CA2542E994}.Release|Any CPU.ActiveCfg = Release|Any CPU
		{FF97C2BB-FE93-4B33-8932-C1CA2542E994}.Release|Any CPU.Build.0 = Release|Any CPU
		{523394F8-0397-4ABD-9F1E-6C277C8F6794}.Debug|Any CPU.ActiveCfg = Debug|Any CPU
		{523394F8-0397-4ABD-9F1E-6C277C8F6794}.Debug|Any CPU.Build.0 = Debug|Any CPU
		{523394F8-0397-4ABD-9F1E-6C277C8F6794}.Release|Any CPU.ActiveCfg = Release|Any CPU
		{523394F8-0397-4ABD-9F1E-6C277C8F6794}.Release|Any CPU.Build.0 = Release|Any CPU
	EndGlobalSection
	GlobalSection(SolutionProperties) = preSolution
		HideSolutionNode = FALSE
	EndGlobalSection
	GlobalSection(ExtensibilityGlobals) = postSolution
		SolutionGuid = {CC3E8E3E-CBA0-4FB0-8170-E78B0ACF0B34}
	EndGlobalSection
EndGlobal
